
Microsoft Visual Studio Solution File, Format Version 12.00
# Visual Studio Version 17
VisualStudioVersion = 17.0.31903.59
MinimumVisualStudioVersion = 10.0.40219.1
Project("{2150E333-8FDC-42A3-9474-1A3956D46DE8}") = "src", "src", "{827E0CD3-B72D-47B6-A68D-7590B98EB39B}"
EndProject
Project("{FAE04EC0-301F-11D3-BF4B-00C04F79EFBC}") = "MemDemos.Menu", "src\MemDemos.Menu\MemDemos.Menu.csproj", "{DDB8C18F-4DD9-414B-ABD9-39CE66496A84}"
EndProject
Project("{FAE04EC0-301F-11D3-BF4B-00C04F79EFBC}") = "MemDemos.Shared", "src\MemDemos.Shared\MemDemos.Shared.csproj", "{66F94F96-DFAA-4F59-AF36-E6F26D251306}"
EndProject
Project("{FAE04EC0-301F-11D3-BF4B-00C04F79EFBC}") = "VijayDemo", "src\VijayDemo\VijayDemo.csproj", "{2B836B16-5B29-4D34-BA7D-C7E5CFCECB0E}"
EndProject
Project("{FAE04EC0-301F-11D3-BF4B-00C04F79EFBC}") = "AlexDemo", "src\AlexDemo\AlexDemo.csproj", "{A45186E6-50D2-4D63-B753-E10A68287EC4}"
EndProject
Project("{FAE04EC0-301F-11D3-BF4B-00C04F79EFBC}") = "IshaanDemo", "src\IshaanDemo\IshaanDemo.csproj", "{510DAA84-CBDF-469B-8C3E-0DCB5BDB3383}"
EndProject
Project("{FAE04EC0-301F-11D3-BF4B-00C04F79EFBC}") = "NickDemo", "src\NickDemo\NickDemo.csproj", "{39DA12DE-A9A6-48A6-B55D-739C4E01DEAE}"
EndProject
Project("{FAE04EC0-301F-11D3-BF4B-00C04F79EFBC}") = "InClassExercise", "src\InClassExercise\InClassExercise.csproj", "{F1A2B3C4-D5E6-4F7A-8B9C-0D1E2F3A4B5C}"
EndProject
Project("{2150E333-8FDC-42A3-9474-1A3956D46DE8}") = "Solution Items", "Solution Items", "{02EA681E-C7D8-13C7-8484-4AC65E1B71E8}"
EndProject
Global
	GlobalSection(SolutionConfigurationPlatforms) = preSolution
		Debug|Any CPU = Debug|Any CPU
		Debug|x64 = Debug|x64
		Debug|x86 = Debug|x86
		Release|Any CPU = Release|Any CPU
		Release|x64 = Release|x64
		Release|x86 = Release|x86
	EndGlobalSection
	GlobalSection(ProjectConfigurationPlatforms) = postSolution
		{DDB8C18F-4DD9-414B-ABD9-39CE66496A84}.Debug|Any CPU.ActiveCfg = Debug|Any CPU
		{DDB8C18F-4DD9-414B-ABD9-39CE66496A84}.Debug|Any CPU.Build.0 = Debug|Any CPU
		{DDB8C18F-4DD9-414B-ABD9-39CE66496A84}.Debug|x64.ActiveCfg = Debug|Any CPU
		{DDB8C18F-4DD9-414B-ABD9-39CE66496A84}.Debug|x64.Build.0 = Debug|Any CPU
		{DDB8C18F-4DD9-414B-ABD9-39CE66496A84}.Debug|x86.ActiveCfg = Debug|Any CPU
		{DDB8C18F-4DD9-414B-ABD9-39CE66496A84}.Debug|x86.Build.0 = Debug|Any CPU
		{DDB8C18F-4DD9-414B-ABD9-39CE66496A84}.Release|Any CPU.ActiveCfg = Release|Any CPU
		{DDB8C18F-4DD9-414B-ABD9-39CE66496A84}.Release|Any CPU.Build.0 = Release|Any CPU
		{DDB8C18F-4DD9-414B-ABD9-39CE66496A84}.Release|x64.ActiveCfg = Release|Any CPU
		{DDB8C18F-4DD9-414B-ABD9-39CE66496A84}.Release|x64.Build.0 = Release|Any CPU
		{DDB8C18F-4DD9-414B-ABD9-39CE66496A84}.Release|x86.ActiveCfg = Release|Any CPU
		{DDB8C18F-4DD9-414B-ABD9-39CE66496A84}.Release|x86.Build.0 = Release|Any CPU
		{66F94F96-DFAA-4F59-AF36-E6F26D251306}.Debug|Any CPU.ActiveCfg = Debug|Any CPU
		{66F94F96-DFAA-4F59-AF36-E6F26D251306}.Debug|Any CPU.Build.0 = Debug|Any CPU
		{66F94F96-DFAA-4F59-AF36-E6F26D251306}.Debug|x64.ActiveCfg = Debug|Any CPU
		{66F94F96-DFAA-4F59-AF36-E6F26D251306}.Debug|x64.Build.0 = Debug|Any CPU
		{66F94F96-DFAA-4F59-AF36-E6F26D251306}.Debug|x86.ActiveCfg = Debug|Any CPU
		{66F94F96-DFAA-4F59-AF36-E6F26D251306}.Debug|x86.Build.0 = Debug|Any CPU
		{66F94F96-DFAA-4F59-AF36-E6F26D251306}.Release|Any CPU.ActiveCfg = Release|Any CPU
		{66F94F96-DFAA-4F59-AF36-E6F26D251306}.Release|Any CPU.Build.0 = Release|Any CPU
		{66F94F96-DFAA-4F59-AF36-E6F26D251306}.Release|x64.ActiveCfg = Release|Any CPU
		{66F94F96-DFAA-4F59-AF36-E6F26D251306}.Release|x64.Build.0 = Release|Any CPU
		{66F94F96-DFAA-4F59-AF36-E6F26D251306}.Release|x86.ActiveCfg = Release|Any CPU
		{66F94F96-DFAA-4F59-AF36-E6F26D251306}.Release|x86.Build.0 = Release|Any CPU
		{2B836B16-5B29-4D34-BA7D-C7E5CFCECB0E}.Debug|Any CPU.ActiveCfg = Debug|Any CPU
		{2B836B16-5B29-4D34-BA7D-C7E5CFCECB0E}.Debug|Any CPU.Build.0 = Debug|Any CPU
		{2B836B16-5B29-4D34-BA7D-C7E5CFCECB0E}.Debug|x64.ActiveCfg = Debug|Any CPU
		{2B836B16-5B29-4D34-BA7D-C7E5CFCECB0E}.Debug|x64.Build.0 = Debug|Any CPU
		{2B836B16-5B29-4D34-BA7D-C7E5CFCECB0E}.Debug|x86.ActiveCfg = Debug|Any CPU
		{2B836B16-5B29-4D34-BA7D-C7E5CFCECB0E}.Debug|x86.Build.0 = Debug|Any CPU
		{2B836B16-5B29-4D34-BA7D-C7E5CFCECB0E}.Release|Any CPU.ActiveCfg = Release|Any CPU
		{2B836B16-5B29-4D34-BA7D-C7E5CFCECB0E}.Release|Any CPU.Build.0 = Release|Any CPU
		{2B836B16-5B29-4D34-BA7D-C7E5CFCECB0E}.Release|x64.ActiveCfg = Release|Any CPU
		{2B836B16-5B29-4D34-BA7D-C7E5CFCECB0E}.Release|x64.Build.0 = Release|Any CPU
		{2B836B16-5B29-4D34-BA7D-C7E5CFCECB0E}.Release|x86.ActiveCfg = Release|Any CPU
		{2B836B16-5B29-4D34-BA7D-C7E5CFCECB0E}.Release|x86.Build.0 = Release|Any CPU
		{A45186E6-50D2-4D63-B753-E10A68287EC4}.Debug|Any CPU.ActiveCfg = Debug|Any CPU
		{A45186E6-50D2-4D63-B753-E10A68287EC4}.Debug|Any CPU.Build.0 = Debug|Any CPU
		{A45186E6-50D2-4D63-B753-E10A68287EC4}.Debug|x64.ActiveCfg = Debug|Any CPU
		{A45186E6-50D2-4D63-B753-E10A68287EC4}.Debug|x64.Build.0 = Debug|Any CPU
		{A45186E6-50D2-4D63-B753-E10A68287EC4}.Debug|x86.ActiveCfg = Debug|Any CPU
		{A45186E6-50D2-4D63-B753-E10A68287EC4}.Debug|x86.Build.0 = Debug|Any CPU
		{A45186E6-50D2-4D63-B753-E10A68287EC4}.Release|Any CPU.ActiveCfg = Release|Any CPU
		{A45186E6-50D2-4D63-B753-E10A68287EC4}.Release|Any CPU.Build.0 = Release|Any CPU
		{A45186E6-50D2-4D63-B753-E10A68287EC4}.Release|x64.ActiveCfg = Release|Any CPU
		{A45186E6-50D2-4D63-B753-E10A68287EC4}.Release|x64.Build.0 = Release|Any CPU
		{A45186E6-50D2-4D63-B753-E10A68287EC4}.Release|x86.ActiveCfg = Release|Any CPU
		{A45186E6-50D2-4D63-B753-E10A68287EC4}.Release|x86.Build.0 = Release|Any CPU
		{510DAA84-CBDF-469B-8C3E-0DCB5BDB3383}.Debug|Any CPU.ActiveCfg = Debug|Any CPU
		{510DAA84-CBDF-469B-8C3E-0DCB5BDB3383}.Debug|Any CPU.Build.0 = Debug|Any CPU
		{510DAA84-CBDF-469B-8C3E-0DCB5BDB3383}.Debug|x64.ActiveCfg = Debug|Any CPU
		{510DAA84-CBDF-469B-8C3E-0DCB5BDB3383}.Debug|x64.Build.0 = Debug|Any CPU
		{510DAA84-CBDF-469B-8C3E-0DCB5BDB3383}.Debug|x86.ActiveCfg = Debug|Any CPU
		{510DAA84-CBDF-469B-8C3E-0DCB5BDB3383}.Debug|x86.Build.0 = Debug|Any CPU
		{510DAA84-CBDF-469B-8C3E-0DCB5BDB3383}.Release|Any CPU.ActiveCfg = Release|Any CPU
		{510DAA84-CBDF-469B-8C3E-0DCB5BDB3383}.Release|Any CPU.Build.0 = Release|Any CPU
		{510DAA84-CBDF-469B-8C3E-0DCB5BDB3383}.Release|x64.ActiveCfg = Release|Any CPU
		{510DAA84-CBDF-469B-8C3E-0DCB5BDB3383}.Release|x64.Build.0 = Release|Any CPU
		{510DAA84-CBDF-469B-8C3E-0DCB5BDB3383}.Release|x86.ActiveCfg = Release|Any CPU
		{510DAA84-CBDF-469B-8C3E-0DCB5BDB3383}.Release|x86.Build.0 = Release|Any CPU
		{39DA12DE-A9A6-48A6-B55D-739C4E01DEAE}.Debug|Any CPU.ActiveCfg = Debug|Any CPU
		{39DA12DE-A9A6-48A6-B55D-739C4E01DEAE}.Debug|Any CPU.Build.0 = Debug|Any CPU
		{39DA12DE-A9A6-48A6-B55D-739C4E01DEAE}.Debug|x64.ActiveCfg = Debug|Any CPU
		{39DA12DE-A9A6-48A6-B55D-739C4E01DEAE}.Debug|x64.Build.0 = Debug|Any CPU
		{39DA12DE-A9A6-48A6-B55D-739C4E01DEAE}.Debug|x86.ActiveCfg = Debug|Any CPU
		{39DA12DE-A9A6-48A6-B55D-739C4E01DEAE}.Debug|x86.Build.0 = Debug|Any CPU
		{39DA12DE-A9A6-48A6-B55D-739C4E01DEAE}.Release|Any CPU.ActiveCfg = Release|Any CPU
		{39DA12DE-A9A6-48A6-B55D-739C4E01DEAE}.Release|Any CPU.Build.0 = Release|Any CPU
		{39DA12DE-A9A6-48A6-B55D-739C4E01DEAE}.Release|x64.ActiveCfg = Release|Any CPU
		{39DA12DE-A9A6-48A6-B55D-739C4E01DEAE}.Release|x64.Build.0 = Release|Any CPU
		{39DA12DE-A9A6-48A6-B55D-739C4E01DEAE}.Release|x86.ActiveCfg = Release|Any CPU
		{39DA12DE-A9A6-48A6-B55D-739C4E01DEAE}.Release|x86.Build.0 = Release|Any CPU
		{F1A2B3C4-D5E6-4F7A-8B9C-0D1E2F3A4B5C}.Debug|Any CPU.ActiveCfg = Debug|Any CPU
		{F1A2B3C4-D5E6-4F7A-8B9C-0D1E2F3A4B5C}.Debug|Any CPU.Build.0 = Debug|Any CPU
		{F1A2B3C4-D5E6-4F7A-8B9C-0D1E2F3A4B5C}.Debug|x64.ActiveCfg = Debug|Any CPU
		{F1A2B3C4-D5E6-4F7A-8B9C-0D1E2F3A4B5C}.Debug|x64.Build.0 = Debug|Any CPU
		{F1A2B3C4-D5E6-4F7A-8B9C-0D1E2F3A4B5C}.Debug|x86.ActiveCfg = Debug|Any CPU
		{F1A2B3C4-D5E6-4F7A-8B9C-0D1E2F3A4B5C}.Debug|x86.Build.0 = Debug|Any CPU
		{F1A2B3C4-D5E6-4F7A-8B9C-0D1E2F3A4B5C}.Release|Any CPU.ActiveCfg = Release|Any CPU
		{F1A2B3C4-D5E6-4F7A-8B9C-0D1E2F3A4B5C}.Release|Any CPU.Build.0 = Release|Any CPU
		{F1A2B3C4-D5E6-4F7A-8B9C-0D1E2F3A4B5C}.Release|x64.ActiveCfg = Release|Any CPU
		{F1A2B3C4-D5E6-4F7A-8B9C-0D1E2F3A4B5C}.Release|x64.Build.0 = Release|Any CPU
		{F1A2B3C4-D5E6-4F7A-8B9C-0D1E2F3A4B5C}.Release|x86.ActiveCfg = Release|Any CPU
		{F1A2B3C4-D5E6-4F7A-8B9C-0D1E2F3A4B5C}.Release|x86.Build.0 = Release|Any CPU
	EndGlobalSection
	GlobalSection(SolutionProperties) = preSolution
		HideSolutionNode = FALSE
	EndGlobalSection
	GlobalSection(NestedProjects) = preSolution
		{DDB8C18F-4DD9-414B-ABD9-39CE66496A84} = {827E0CD3-B72D-47B6-A68D-7590B98EB39B}
		{66F94F96-DFAA-4F59-AF36-E6F26D251306} = {827E0CD3-B72D-47B6-A68D-7590B98EB39B}
		{2B836B16-5B29-4D34-BA7D-C7E5CFCECB0E} = {827E0CD3-B72D-47B6-A68D-7590B98EB39B}
		{A45186E6-50D2-4D63-B753-E10A68287EC4} = {827E0CD3-B72D-47B6-A68D-7590B98EB39B}
		{510DAA84-CBDF-469B-8C3E-0DCB5BDB3383} = {827E0CD3-B72D-47B6-A68D-7590B98EB39B}
		{39DA12DE-A9A6-48A6-B55D-739C4E01DEAE} = {827E0CD3-B72D-47B6-A68D-7590B98EB39B}
		{F1A2B3C4-D5E6-4F7A-8B9C-0D1E2F3A4B5C} = {827E0CD3-B72D-47B6-A68D-7590B98EB39B}
	EndGlobalSection
	GlobalSection(ExtensibilityGlobals) = postSolution
		SolutionGuid = {A6BBA532-CE26-4896-85AF-A3566FF31E05}
	EndGlobalSection
EndGlobal
